
Microsoft Visual Studio Solution File, Format Version 12.00
# Visual Studio Version 17
VisualStudioVersion = 17.0.31919.166
MinimumVisualStudioVersion = 10.0.40219.1
Project("{FAE04EC0-301F-11D3-BF4B-00C04F79EFBC}") = "WindowsFormsApp1", "WindowsFormsApp1\WindowsFormsApp1.csproj", "{04D37C63-6D24-499B-A422-A7E8276E8729}"
EndProject
Global
	GlobalSection(SolutionConfigurationPlatforms) = preSolution
		Debug|Any CPU = Debug|Any CPU
		Release|Any CPU = Release|Any CPU
	EndGlobalSection
	GlobalSection(ProjectConfigurationPlatforms) = postSolution
		{04D37C63-6D24-499B-A422-A7E8276E8729}.Debug|Any CPU.ActiveCfg = Debug|Any CPU
		{04D37C63-6D24-499B-A422-A7E8276E8729}.Debug|Any CPU.Build.0 = Debug|Any CPU
		{04D37C63-6D24-499B-A422-A7E8276E8729}.Release|Any CPU.ActiveCfg = Release|Any CPU
		{04D37C63-6D24-499B-A422-A7E8276E8729}.Release|Any CPU.Build.0 = Release|Any CPU
	EndGlobalSection
	GlobalSection(SolutionProperties) = preSolution
		HideSolutionNode = FALSE
	EndGlobalSection
	GlobalSection(ExtensibilityGlobals) = postSolution
		SolutionGuid = {6F4F61C8-993A-4241-88CE-0FE548316FAC}
	EndGlobalSection
EndGlobal
